
Microsoft Visual Studio Solution File, Format Version 12.00
# Visual Studio 15
Project("{FAE04EC0-301F-11D3-BF4B-00C04F79EFBC}") = "Assembly-CSharp-firstpass", "Assembly-CSharp-firstpass.csproj", "{B8CFA2FB-1149-9923-E07C-C960C24BF4DE}"
EndProject
Project("{FAE04EC0-301F-11D3-BF4B-00C04F79EFBC}") = "Assembly-CSharp", "Assembly-CSharp.csproj", "{A86FEBA0-229E-C91D-F90E-82EC590F4E22}"
EndProject
Project("{FAE04EC0-301F-11D3-BF4B-00C04F79EFBC}") = "Assembly-CSharp-Editor-firstpass", "Assembly-CSharp-Editor-firstpass.csproj", "{D3B271EA-BCB9-610E-384F-73982AB9C4AA}"
EndProject
Global
	GlobalSection(SolutionConfigurationPlatforms) = preSolution
		Debug|Any CPU = Debug|Any CPU
		Release|Any CPU = Release|Any CPU
	EndGlobalSection
	GlobalSection(ProjectConfigurationPlatforms) = postSolution
		{B8CFA2FB-1149-9923-E07C-C960C24BF4DE}.Debug|Any CPU.ActiveCfg = Debug|Any CPU
		{B8CFA2FB-1149-9923-E07C-C960C24BF4DE}.Debug|Any CPU.Build.0 = Debug|Any CPU
		{B8CFA2FB-1149-9923-E07C-C960C24BF4DE}.Release|Any CPU.ActiveCfg = Release|Any CPU
		{B8CFA2FB-1149-9923-E07C-C960C24BF4DE}.Release|Any CPU.Build.0 = Release|Any CPU
		{A86FEBA0-229E-C91D-F90E-82EC590F4E22}.Debug|Any CPU.ActiveCfg = Debug|Any CPU
		{A86FEBA0-229E-C91D-F90E-82EC590F4E22}.Debug|Any CPU.Build.0 = Debug|Any CPU
		{A86FEBA0-229E-C91D-F90E-82EC590F4E22}.Release|Any CPU.ActiveCfg = Release|Any CPU
		{A86FEBA0-229E-C91D-F90E-82EC590F4E22}.Release|Any CPU.Build.0 = Release|Any CPU
		{D3B271EA-BCB9-610E-384F-73982AB9C4AA}.Debug|Any CPU.ActiveCfg = Debug|Any CPU
		{D3B271EA-BCB9-610E-384F-73982AB9C4AA}.Debug|Any CPU.Build.0 = Debug|Any CPU
		{D3B271EA-BCB9-610E-384F-73982AB9C4AA}.Release|Any CPU.ActiveCfg = Release|Any CPU
		{D3B271EA-BCB9-610E-384F-73982AB9C4AA}.Release|Any CPU.Build.0 = Release|Any CPU
	EndGlobalSection
	GlobalSection(SolutionProperties) = preSolution
		HideSolutionNode = FALSE
	EndGlobalSection
EndGlobal
